// !$*UTF8*$!
{
	archiveVersion = 1;
	classes = {
	};
	objectVersion = 46;
	objects = {

/* Begin PBXBuildFile section */
		6E31D522CBFF92ADEEAD65D3 /* Pods_BroadwayLotteryApp.framework in Frameworks */ = {isa = PBXBuildFile; fileRef = DD4DF05A42DD723B51E69897 /* Pods_BroadwayLotteryApp.framework */; };
		FD1A90401F0EEA6F005EDBC9 /* AppDelegate.swift in Sources */ = {isa = PBXBuildFile; fileRef = FD1A903F1F0EEA6F005EDBC9 /* AppDelegate.swift */; };
		FD1A90471F0EEA6F005EDBC9 /* Assets.xcassets in Resources */ = {isa = PBXBuildFile; fileRef = FD1A90461F0EEA6F005EDBC9 /* Assets.xcassets */; };
		FD1A90551F0EEB1C005EDBC9 /* LaunchScreen.storyboard in Resources */ = {isa = PBXBuildFile; fileRef = FD1A90531F0EEB1C005EDBC9 /* LaunchScreen.storyboard */; };
		FD1A905A1F0EED91005EDBC9 /* Welcome.storyboard in Resources */ = {isa = PBXBuildFile; fileRef = FD1A90591F0EED91005EDBC9 /* Welcome.storyboard */; };
		FD2B1FEA1F3B7736008BFDA4 /* WelcomePageThreeViewController.swift in Sources */ = {isa = PBXBuildFile; fileRef = FD2B1FE91F3B7736008BFDA4 /* WelcomePageThreeViewController.swift */; };
		FD2B1FFE1F3B8D95008BFDA4 /* notifications_short.gif in Resources */ = {isa = PBXBuildFile; fileRef = FD2B1FFD1F3B8D95008BFDA4 /* notifications_short.gif */; };
		FD2B20021F3BC2DC008BFDA4 /* enter_lottery_short_compressed.gif in Resources */ = {isa = PBXBuildFile; fileRef = FD2B20011F3BC2DB008BFDA4 /* enter_lottery_short_compressed.gif */; };
		FD2B20041F3BC39C008BFDA4 /* email_short.gif in Resources */ = {isa = PBXBuildFile; fileRef = FD2B20031F3BC39C008BFDA4 /* email_short.gif */; };
		FD2B20061F3BC63A008BFDA4 /* setting_notifications.gif in Resources */ = {isa = PBXBuildFile; fileRef = FD2B20051F3BC63A008BFDA4 /* setting_notifications.gif */; };
		FD3D13AB1F2122B50004C07E /* UYLNotificationDelegate.swift in Sources */ = {isa = PBXBuildFile; fileRef = FD3D13AA1F2122B50004C07E /* UYLNotificationDelegate.swift */; };
		FD4C7F0A1F2BEAEC0038A093 /* ShowTestCell.swift in Sources */ = {isa = PBXBuildFile; fileRef = FD4C7F091F2BEAEC0038A093 /* ShowTestCell.swift */; };
		FD63B8961F3A274E002FD83A /* WelcomeMainViewController.swift in Sources */ = {isa = PBXBuildFile; fileRef = FD63B8951F3A274E002FD83A /* WelcomeMainViewController.swift */; };
		FD6B64C01F2FAC6E0026AEA9 /* AllShowsNotificationCell.swift in Sources */ = {isa = PBXBuildFile; fileRef = FD6B64BF1F2FAC6E0026AEA9 /* AllShowsNotificationCell.swift */; };
		FD90A8A41F15466000914980 /* Constants.swift in Sources */ = {isa = PBXBuildFile; fileRef = FD90A8A31F15466000914980 /* Constants.swift */; };
		FD90A8A71F1572AB00914980 /* LotteryHome.storyboard in Resources */ = {isa = PBXBuildFile; fileRef = FD90A8A61F1572AB00914980 /* LotteryHome.storyboard */; };
		FD90A8A91F1583CB00914980 /* Show.swift in Sources */ = {isa = PBXBuildFile; fileRef = FD90A8A81F1583CB00914980 /* Show.swift */; };
		FD90A8AC1F158FBC00914980 /* LotteryHomeTableViewController.swift in Sources */ = {isa = PBXBuildFile; fileRef = FD90A8AB1F158FBC00914980 /* LotteryHomeTableViewController.swift */; };
		FD9E9D811F1FDB17005083C1 /* SettingsTableViewController.swift in Sources */ = {isa = PBXBuildFile; fileRef = FD9E9D801F1FDB17005083C1 /* SettingsTableViewController.swift */; };
		FD9E9D831F1FF2D8005083C1 /* ShowNotificationCell.swift in Sources */ = {isa = PBXBuildFile; fileRef = FD9E9D821F1FF2D8005083C1 /* ShowNotificationCell.swift */; };
		FD9E9D851F20001D005083C1 /* SettingCell.swift in Sources */ = {isa = PBXBuildFile; fileRef = FD9E9D841F20001D005083C1 /* SettingCell.swift */; };
		FD9E9D871F2006FB005083C1 /* EditInfoCell.swift in Sources */ = {isa = PBXBuildFile; fileRef = FD9E9D861F2006FB005083C1 /* EditInfoCell.swift */; };
		FD9E9D891F201FB9005083C1 /* NotificationService.swift in Sources */ = {isa = PBXBuildFile; fileRef = FD9E9D881F201FB9005083C1 /* NotificationService.swift */; };
		FDA795D41F33C9C100A17231 /* CustomSideMenuController.swift in Sources */ = {isa = PBXBuildFile; fileRef = FDA795D31F33C9C100A17231 /* CustomSideMenuController.swift */; };
		FDA795D61F33CA6D00A17231 /* SideViewController.swift in Sources */ = {isa = PBXBuildFile; fileRef = FDA795D51F33CA6D00A17231 /* SideViewController.swift */; };
		FDB19C731F2A58B800B3E4F2 /* EditUserInfoTableViewController.swift in Sources */ = {isa = PBXBuildFile; fileRef = FDB19C721F2A58B800B3E4F2 /* EditUserInfoTableViewController.swift */; };
		FDB3FB1F1F1D1F040073FD3D /* ShowService.swift in Sources */ = {isa = PBXBuildFile; fileRef = FDB3FB1E1F1D1F040073FD3D /* ShowService.swift */; };
		FDB3FB3B1F1D7CF70073FD3D /* Media.xcassets in Resources */ = {isa = PBXBuildFile; fileRef = FDB3FB281F1D7CF70073FD3D /* Media.xcassets */; };
		FDB3FB3C1F1D7CF70073FD3D /* SwiftWebVC.strings in Resources */ = {isa = PBXBuildFile; fileRef = FDB3FB2A1F1D7CF70073FD3D /* SwiftWebVC.strings */; };
		FDB3FB3D1F1D7CF70073FD3D /* SwiftModalWebVC.swift in Sources */ = {isa = PBXBuildFile; fileRef = FDB3FB361F1D7CF70073FD3D /* SwiftModalWebVC.swift */; };
		FDB3FB3E1F1D7CF70073FD3D /* SwiftWebVC.swift in Sources */ = {isa = PBXBuildFile; fileRef = FDB3FB371F1D7CF70073FD3D /* SwiftWebVC.swift */; };
		FDB3FB3F1F1D7CF70073FD3D /* SwiftWebVCActivity.swift in Sources */ = {isa = PBXBuildFile; fileRef = FDB3FB381F1D7CF70073FD3D /* SwiftWebVCActivity.swift */; };
		FDB3FB401F1D7CF70073FD3D /* SwiftWebVCActivityChrome.swift in Sources */ = {isa = PBXBuildFile; fileRef = FDB3FB391F1D7CF70073FD3D /* SwiftWebVCActivityChrome.swift */; };
		FDB3FB411F1D7CF70073FD3D /* SwiftWebVCActivitySafari.swift in Sources */ = {isa = PBXBuildFile; fileRef = FDB3FB3A1F1D7CF70073FD3D /* SwiftWebVCActivitySafari.swift */; };
		FDE60C611F29348F008E2BF9 /* NotificationTableViewController.swift in Sources */ = {isa = PBXBuildFile; fileRef = FDE60C601F29348F008E2BF9 /* NotificationTableViewController.swift */; };
		FDF39C681F3A7F8700CC3729 /* WelcomePageViewController.swift in Sources */ = {isa = PBXBuildFile; fileRef = FDF39C671F3A7F8700CC3729 /* WelcomePageViewController.swift */; };
		FDF39C6C1F3A851B00CC3729 /* LotteryPageTwoViewController.swift in Sources */ = {isa = PBXBuildFile; fileRef = FDF39C6B1F3A851B00CC3729 /* LotteryPageTwoViewController.swift */; };
		FDFEE7451F14318B00FE59E4 /* CollectUserInfo.storyboard in Resources */ = {isa = PBXBuildFile; fileRef = FDFEE7441F14318B00FE59E4 /* CollectUserInfo.storyboard */; };
		FDFEE7471F1431AB00FE59E4 /* CollectUserInfoViewController.swift in Sources */ = {isa = PBXBuildFile; fileRef = FDFEE7461F1431AB00FE59E4 /* CollectUserInfoViewController.swift */; };
		FDFEE74D1F14336900FE59E4 /* GetStartedViewController.swift in Sources */ = {isa = PBXBuildFile; fileRef = FDFEE74C1F14336900FE59E4 /* GetStartedViewController.swift */; };
/* End PBXBuildFile section */

/* Begin PBXFileReference section */
		B8ED6A06531E4EF5DA8963B3 /* Pods-BroadwayLotteryApp.release.xcconfig */ = {isa = PBXFileReference; includeInIndex = 1; lastKnownFileType = text.xcconfig; name = "Pods-BroadwayLotteryApp.release.xcconfig"; path = "Pods/Target Support Files/Pods-BroadwayLotteryApp/Pods-BroadwayLotteryApp.release.xcconfig"; sourceTree = "<group>"; };
		DD4DF05A42DD723B51E69897 /* Pods_BroadwayLotteryApp.framework */ = {isa = PBXFileReference; explicitFileType = wrapper.framework; includeInIndex = 0; path = Pods_BroadwayLotteryApp.framework; sourceTree = BUILT_PRODUCTS_DIR; };
		FC259AD19211CC676F50D5A0 /* Pods-BroadwayLotteryApp.debug.xcconfig */ = {isa = PBXFileReference; includeInIndex = 1; lastKnownFileType = text.xcconfig; name = "Pods-BroadwayLotteryApp.debug.xcconfig"; path = "Pods/Target Support Files/Pods-BroadwayLotteryApp/Pods-BroadwayLotteryApp.debug.xcconfig"; sourceTree = "<group>"; };
		FD1A903C1F0EEA6F005EDBC9 /* BroadwayLotteryApp.app */ = {isa = PBXFileReference; explicitFileType = wrapper.application; includeInIndex = 0; path = BroadwayLotteryApp.app; sourceTree = BUILT_PRODUCTS_DIR; };
		FD1A903F1F0EEA6F005EDBC9 /* AppDelegate.swift */ = {isa = PBXFileReference; lastKnownFileType = sourcecode.swift; path = AppDelegate.swift; sourceTree = "<group>"; };
		FD1A90461F0EEA6F005EDBC9 /* Assets.xcassets */ = {isa = PBXFileReference; lastKnownFileType = folder.assetcatalog; path = Assets.xcassets; sourceTree = "<group>"; };
		FD1A904B1F0EEA6F005EDBC9 /* Info.plist */ = {isa = PBXFileReference; lastKnownFileType = text.plist.xml; path = Info.plist; sourceTree = "<group>"; };
		FD1A90531F0EEB1C005EDBC9 /* LaunchScreen.storyboard */ = {isa = PBXFileReference; fileEncoding = 4; lastKnownFileType = file.storyboard; name = LaunchScreen.storyboard; path = Storyboards/LaunchScreen.storyboard; sourceTree = "<group>"; };
		FD1A90591F0EED91005EDBC9 /* Welcome.storyboard */ = {isa = PBXFileReference; fileEncoding = 4; lastKnownFileType = file.storyboard; name = Welcome.storyboard; path = Storyboards/Welcome.storyboard; sourceTree = "<group>"; };
		FD2B1FE91F3B7736008BFDA4 /* WelcomePageThreeViewController.swift */ = {isa = PBXFileReference; fileEncoding = 4; lastKnownFileType = sourcecode.swift; name = WelcomePageThreeViewController.swift; path = Controllers/WelcomePageThreeViewController.swift; sourceTree = "<group>"; };
		FD2B1FFD1F3B8D95008BFDA4 /* notifications_short.gif */ = {isa = PBXFileReference; lastKnownFileType = image.gif; name = notifications_short.gif; path = ../../../../../../Downloads/notifications_short.gif; sourceTree = "<group>"; };
		FD2B20011F3BC2DB008BFDA4 /* enter_lottery_short_compressed.gif */ = {isa = PBXFileReference; lastKnownFileType = image.gif; name = enter_lottery_short_compressed.gif; path = ../../../../../enter_lottery_short_compressed.gif; sourceTree = "<group>"; };
		FD2B20031F3BC39C008BFDA4 /* email_short.gif */ = {isa = PBXFileReference; lastKnownFileType = image.gif; name = email_short.gif; path = ../../../../../email_short.gif; sourceTree = "<group>"; };
		FD2B20051F3BC63A008BFDA4 /* setting_notifications.gif */ = {isa = PBXFileReference; lastKnownFileType = image.gif; name = setting_notifications.gif; path = ../../../../../../Downloads/setting_notifications.gif; sourceTree = "<group>"; };
		FD3D13AA1F2122B50004C07E /* UYLNotificationDelegate.swift */ = {isa = PBXFileReference; fileEncoding = 4; lastKnownFileType = sourcecode.swift; path = UYLNotificationDelegate.swift; sourceTree = "<group>"; };
		FD4C7F091F2BEAEC0038A093 /* ShowTestCell.swift */ = {isa = PBXFileReference; fileEncoding = 4; lastKnownFileType = sourcecode.swift; name = ShowTestCell.swift; path = Views/ShowTestCell.swift; sourceTree = "<group>"; };
		FD63B8951F3A274E002FD83A /* WelcomeMainViewController.swift */ = {isa = PBXFileReference; fileEncoding = 4; lastKnownFileType = sourcecode.swift; path = WelcomeMainViewController.swift; sourceTree = "<group>"; };
		FD6B64BF1F2FAC6E0026AEA9 /* AllShowsNotificationCell.swift */ = {isa = PBXFileReference; fileEncoding = 4; lastKnownFileType = sourcecode.swift; name = AllShowsNotificationCell.swift; path = Views/AllShowsNotificationCell.swift; sourceTree = "<group>"; };
		FD90A8A31F15466000914980 /* Constants.swift */ = {isa = PBXFileReference; fileEncoding = 4; lastKnownFileType = sourcecode.swift; name = Constants.swift; path = Supporting/Constants.swift; sourceTree = "<group>"; };
		FD90A8A61F1572AB00914980 /* LotteryHome.storyboard */ = {isa = PBXFileReference; fileEncoding = 4; lastKnownFileType = file.storyboard; path = LotteryHome.storyboard; sourceTree = "<group>"; };
		FD90A8A81F1583CB00914980 /* Show.swift */ = {isa = PBXFileReference; fileEncoding = 4; lastKnownFileType = sourcecode.swift; name = Show.swift; path = Models/Show.swift; sourceTree = "<group>"; };
		FD90A8AB1F158FBC00914980 /* LotteryHomeTableViewController.swift */ = {isa = PBXFileReference; fileEncoding = 4; lastKnownFileType = sourcecode.swift; name = LotteryHomeTableViewController.swift; path = Controllers/LotteryHomeTableViewController.swift; sourceTree = "<group>"; };
		FD9E9D801F1FDB17005083C1 /* SettingsTableViewController.swift */ = {isa = PBXFileReference; fileEncoding = 4; lastKnownFileType = sourcecode.swift; name = SettingsTableViewController.swift; path = Controllers/SettingsTableViewController.swift; sourceTree = "<group>"; };
		FD9E9D821F1FF2D8005083C1 /* ShowNotificationCell.swift */ = {isa = PBXFileReference; fileEncoding = 4; lastKnownFileType = sourcecode.swift; name = ShowNotificationCell.swift; path = Views/ShowNotificationCell.swift; sourceTree = "<group>"; };
		FD9E9D841F20001D005083C1 /* SettingCell.swift */ = {isa = PBXFileReference; fileEncoding = 4; lastKnownFileType = sourcecode.swift; name = SettingCell.swift; path = Views/SettingCell.swift; sourceTree = "<group>"; };
		FD9E9D861F2006FB005083C1 /* EditInfoCell.swift */ = {isa = PBXFileReference; fileEncoding = 4; lastKnownFileType = sourcecode.swift; name = EditInfoCell.swift; path = Views/EditInfoCell.swift; sourceTree = "<group>"; };
		FD9E9D881F201FB9005083C1 /* NotificationService.swift */ = {isa = PBXFileReference; fileEncoding = 4; lastKnownFileType = sourcecode.swift; name = NotificationService.swift; path = Services/NotificationService.swift; sourceTree = "<group>"; };
		FDA795D31F33C9C100A17231 /* CustomSideMenuController.swift */ = {isa = PBXFileReference; fileEncoding = 4; lastKnownFileType = sourcecode.swift; name = CustomSideMenuController.swift; path = Controllers/CustomSideMenuController.swift; sourceTree = "<group>"; };
		FDA795D51F33CA6D00A17231 /* SideViewController.swift */ = {isa = PBXFileReference; fileEncoding = 4; lastKnownFileType = sourcecode.swift; name = SideViewController.swift; path = Controllers/SideViewController.swift; sourceTree = "<group>"; };
		FDB19C721F2A58B800B3E4F2 /* EditUserInfoTableViewController.swift */ = {isa = PBXFileReference; fileEncoding = 4; lastKnownFileType = sourcecode.swift; name = EditUserInfoTableViewController.swift; path = Controllers/EditUserInfoTableViewController.swift; sourceTree = "<group>"; };
		FDB3FB1E1F1D1F040073FD3D /* ShowService.swift */ = {isa = PBXFileReference; fileEncoding = 4; lastKnownFileType = sourcecode.swift; path = ShowService.swift; sourceTree = "<group>"; };
		FDB3FB281F1D7CF70073FD3D /* Media.xcassets */ = {isa = PBXFileReference; lastKnownFileType = folder.assetcatalog; path = Media.xcassets; sourceTree = "<group>"; };
		FDB3FB2B1F1D7CF70073FD3D /* da */ = {isa = PBXFileReference; lastKnownFileType = text.plist.strings; name = da; path = da.lproj/SwiftWebVC.strings; sourceTree = "<group>"; };
		FDB3FB2C1F1D7CF70073FD3D /* de */ = {isa = PBXFileReference; lastKnownFileType = text.plist.strings; name = de; path = de.lproj/SwiftWebVC.strings; sourceTree = "<group>"; };
		FDB3FB2D1F1D7CF70073FD3D /* en */ = {isa = PBXFileReference; lastKnownFileType = text.plist.strings; name = en; path = en.lproj/SwiftWebVC.strings; sourceTree = "<group>"; };
		FDB3FB2E1F1D7CF70073FD3D /* es-ES */ = {isa = PBXFileReference; lastKnownFileType = text.plist.strings; name = "es-ES"; path = "es-ES.lproj/SwiftWebVC.strings"; sourceTree = "<group>"; };
		FDB3FB2F1F1D7CF70073FD3D /* es */ = {isa = PBXFileReference; lastKnownFileType = text.plist.strings; name = es; path = es.lproj/SwiftWebVC.strings; sourceTree = "<group>"; };
		FDB3FB301F1D7CF70073FD3D /* fr */ = {isa = PBXFileReference; lastKnownFileType = text.plist.strings; name = fr; path = fr.lproj/SwiftWebVC.strings; sourceTree = "<group>"; };
		FDB3FB311F1D7CF70073FD3D /* ja */ = {isa = PBXFileReference; lastKnownFileType = text.plist.strings; name = ja; path = ja.lproj/SwiftWebVC.strings; sourceTree = "<group>"; };
		FDB3FB321F1D7CF70073FD3D /* pt */ = {isa = PBXFileReference; lastKnownFileType = text.plist.strings; name = pt; path = pt.lproj/SwiftWebVC.strings; sourceTree = "<group>"; };
		FDB3FB331F1D7CF70073FD3D /* vi */ = {isa = PBXFileReference; lastKnownFileType = text.plist.strings; name = vi; path = vi.lproj/SwiftWebVC.strings; sourceTree = "<group>"; };
		FDB3FB341F1D7CF70073FD3D /* zh-Hans */ = {isa = PBXFileReference; lastKnownFileType = text.plist.strings; name = "zh-Hans"; path = "zh-Hans.lproj/SwiftWebVC.strings"; sourceTree = "<group>"; };
		FDB3FB351F1D7CF70073FD3D /* zh-Hant */ = {isa = PBXFileReference; lastKnownFileType = text.plist.strings; name = "zh-Hant"; path = "zh-Hant.lproj/SwiftWebVC.strings"; sourceTree = "<group>"; };
		FDB3FB361F1D7CF70073FD3D /* SwiftModalWebVC.swift */ = {isa = PBXFileReference; fileEncoding = 4; lastKnownFileType = sourcecode.swift; path = SwiftModalWebVC.swift; sourceTree = "<group>"; };
		FDB3FB371F1D7CF70073FD3D /* SwiftWebVC.swift */ = {isa = PBXFileReference; fileEncoding = 4; lastKnownFileType = sourcecode.swift; path = SwiftWebVC.swift; sourceTree = "<group>"; };
		FDB3FB381F1D7CF70073FD3D /* SwiftWebVCActivity.swift */ = {isa = PBXFileReference; fileEncoding = 4; lastKnownFileType = sourcecode.swift; path = SwiftWebVCActivity.swift; sourceTree = "<group>"; };
		FDB3FB391F1D7CF70073FD3D /* SwiftWebVCActivityChrome.swift */ = {isa = PBXFileReference; fileEncoding = 4; lastKnownFileType = sourcecode.swift; path = SwiftWebVCActivityChrome.swift; sourceTree = "<group>"; };
		FDB3FB3A1F1D7CF70073FD3D /* SwiftWebVCActivitySafari.swift */ = {isa = PBXFileReference; fileEncoding = 4; lastKnownFileType = sourcecode.swift; path = SwiftWebVCActivitySafari.swift; sourceTree = "<group>"; };
		FDE60C601F29348F008E2BF9 /* NotificationTableViewController.swift */ = {isa = PBXFileReference; fileEncoding = 4; lastKnownFileType = sourcecode.swift; name = NotificationTableViewController.swift; path = Controllers/NotificationTableViewController.swift; sourceTree = "<group>"; };
		FDF39C671F3A7F8700CC3729 /* WelcomePageViewController.swift */ = {isa = PBXFileReference; fileEncoding = 4; lastKnownFileType = sourcecode.swift; name = WelcomePageViewController.swift; path = Controllers/WelcomePageViewController.swift; sourceTree = "<group>"; };
		FDF39C6B1F3A851B00CC3729 /* LotteryPageTwoViewController.swift */ = {isa = PBXFileReference; fileEncoding = 4; lastKnownFileType = sourcecode.swift; name = LotteryPageTwoViewController.swift; path = Controllers/LotteryPageTwoViewController.swift; sourceTree = "<group>"; };
		FDFEE7441F14318B00FE59E4 /* CollectUserInfo.storyboard */ = {isa = PBXFileReference; fileEncoding = 4; lastKnownFileType = file.storyboard; name = CollectUserInfo.storyboard; path = Storyboards/CollectUserInfo.storyboard; sourceTree = "<group>"; };
		FDFEE7461F1431AB00FE59E4 /* CollectUserInfoViewController.swift */ = {isa = PBXFileReference; fileEncoding = 4; lastKnownFileType = sourcecode.swift; name = CollectUserInfoViewController.swift; path = Controllers/CollectUserInfoViewController.swift; sourceTree = "<group>"; };
		FDFEE74C1F14336900FE59E4 /* GetStartedViewController.swift */ = {isa = PBXFileReference; fileEncoding = 4; lastKnownFileType = sourcecode.swift; name = GetStartedViewController.swift; path = Controllers/GetStartedViewController.swift; sourceTree = "<group>"; };
/* End PBXFileReference section */

/* Begin PBXFrameworksBuildPhase section */
		FD1A90391F0EEA6F005EDBC9 /* Frameworks */ = {
			isa = PBXFrameworksBuildPhase;
			buildActionMask = 2147483647;
			files = (
				6E31D522CBFF92ADEEAD65D3 /* Pods_BroadwayLotteryApp.framework in Frameworks */,
			);
			runOnlyForDeploymentPostprocessing = 0;
		};
/* End PBXFrameworksBuildPhase section */

/* Begin PBXGroup section */
		0272CFD4EF3C1577325ED2D9 /* Frameworks */ = {
			isa = PBXGroup;
			children = (
				DD4DF05A42DD723B51E69897 /* Pods_BroadwayLotteryApp.framework */,
			);
			name = Frameworks;
			sourceTree = "<group>";
		};
		3F1A8BE0132B296770D553AF /* Pods */ = {
			isa = PBXGroup;
			children = (
				FC259AD19211CC676F50D5A0 /* Pods-BroadwayLotteryApp.debug.xcconfig */,
				B8ED6A06531E4EF5DA8963B3 /* Pods-BroadwayLotteryApp.release.xcconfig */,
			);
			name = Pods;
			sourceTree = "<group>";
		};
		FD1A90331F0EEA6F005EDBC9 = {
			isa = PBXGroup;
			children = (
				FD1A903E1F0EEA6F005EDBC9 /* BroadwayLotteryApp */,
				FD1A903D1F0EEA6F005EDBC9 /* Products */,
				3F1A8BE0132B296770D553AF /* Pods */,
				0272CFD4EF3C1577325ED2D9 /* Frameworks */,
			);
			sourceTree = "<group>";
		};
		FD1A903D1F0EEA6F005EDBC9 /* Products */ = {
			isa = PBXGroup;
			children = (
				FD1A903C1F0EEA6F005EDBC9 /* BroadwayLotteryApp.app */,
			);
			name = Products;
			sourceTree = "<group>";
		};
		FD1A903E1F0EEA6F005EDBC9 /* BroadwayLotteryApp */ = {
			isa = PBXGroup;
			children = (
				FD1A903F1F0EEA6F005EDBC9 /* AppDelegate.swift */,
				FD1A90571F0EEB26005EDBC9 /* Controllers */,
				FDB3FB251F1D2E7F0073FD3D /* Views */,
				FD90A8AA1F1583CF00914980 /* Models */,
				FDB3FB201F1D1F080073FD3D /* Services */,
				FD1A90581F0EEB2D005EDBC9 /* Storyboards */,
				FD90A8A51F15466500914980 /* Supporting */,
				FD980C901F3536FB00F3DDF8 /* Resources */,
				FDB3FB261F1D7CF70073FD3D /* SwiftWebVC */,
				FD1A90461F0EEA6F005EDBC9 /* Assets.xcassets */,
				FD1A904B1F0EEA6F005EDBC9 /* Info.plist */,
			);
			path = BroadwayLotteryApp;
			sourceTree = "<group>";
		};
		FD1A90571F0EEB26005EDBC9 /* Controllers */ = {
			isa = PBXGroup;
			children = (
				FDA795D51F33CA6D00A17231 /* SideViewController.swift */,
				FDA795D31F33C9C100A17231 /* CustomSideMenuController.swift */,
				FD9E9D801F1FDB17005083C1 /* SettingsTableViewController.swift */,
				FD90A8AB1F158FBC00914980 /* LotteryHomeTableViewController.swift */,
				FDE60C601F29348F008E2BF9 /* NotificationTableViewController.swift */,
				FDFEE74C1F14336900FE59E4 /* GetStartedViewController.swift */,
				FD63B8951F3A274E002FD83A /* WelcomeMainViewController.swift */,
				FD2B1FE91F3B7736008BFDA4 /* WelcomePageThreeViewController.swift */,
				FDF39C6B1F3A851B00CC3729 /* LotteryPageTwoViewController.swift */,
				FDF39C671F3A7F8700CC3729 /* WelcomePageViewController.swift */,
				FDB19C721F2A58B800B3E4F2 /* EditUserInfoTableViewController.swift */,
				FDFEE7461F1431AB00FE59E4 /* CollectUserInfoViewController.swift */,
			);
			name = Controllers;
			sourceTree = "<group>";
		};
		FD1A90581F0EEB2D005EDBC9 /* Storyboards */ = {
			isa = PBXGroup;
			children = (
				FD90A8A61F1572AB00914980 /* LotteryHome.storyboard */,
				FD1A90591F0EED91005EDBC9 /* Welcome.storyboard */,
				FD1A90531F0EEB1C005EDBC9 /* LaunchScreen.storyboard */,
				FDFEE7441F14318B00FE59E4 /* CollectUserInfo.storyboard */,
			);
			name = Storyboards;
			sourceTree = "<group>";
		};
		FD90A8A51F15466500914980 /* Supporting */ = {
			isa = PBXGroup;
			children = (
				FD3D13AA1F2122B50004C07E /* UYLNotificationDelegate.swift */,
				FD90A8A31F15466000914980 /* Constants.swift */,
			);
			name = Supporting;
			sourceTree = "<group>";
		};
		FD90A8AA1F1583CF00914980 /* Models */ = {
			isa = PBXGroup;
			children = (
				FD90A8A81F1583CB00914980 /* Show.swift */,
			);
			name = Models;
			sourceTree = "<group>";
		};
		FD980C901F3536FB00F3DDF8 /* Resources */ = {
			isa = PBXGroup;
			children = (
				FD2B20011F3BC2DB008BFDA4 /* enter_lottery_short_compressed.gif */,
				FD2B20051F3BC63A008BFDA4 /* setting_notifications.gif */,
				FD2B1FFD1F3B8D95008BFDA4 /* notifications_short.gif */,
				FD2B20031F3BC39C008BFDA4 /* email_short.gif */,
			);
			path = Resources;
			sourceTree = "<group>";
		};
		FDB3FB201F1D1F080073FD3D /* Services */ = {
			isa = PBXGroup;
			children = (
				FD9E9D881F201FB9005083C1 /* NotificationService.swift */,
				FDB3FB1E1F1D1F040073FD3D /* ShowService.swift */,
			);
			name = Services;
			sourceTree = "<group>";
		};
		FDB3FB251F1D2E7F0073FD3D /* Views */ = {
			isa = PBXGroup;
			children = (
				FD9E9D841F20001D005083C1 /* SettingCell.swift */,
				FD9E9D861F2006FB005083C1 /* EditInfoCell.swift */,
				FD9E9D821F1FF2D8005083C1 /* ShowNotificationCell.swift */,
				FD4C7F091F2BEAEC0038A093 /* ShowTestCell.swift */,
				FD6B64BF1F2FAC6E0026AEA9 /* AllShowsNotificationCell.swift */,
			);
			name = Views;
			sourceTree = "<group>";
		};
		FDB3FB261F1D7CF70073FD3D /* SwiftWebVC */ = {
			isa = PBXGroup;
			children = (
				FDB3FB271F1D7CF70073FD3D /* Resources */,
				FDB3FB291F1D7CF70073FD3D /* Strings */,
				FDB3FB361F1D7CF70073FD3D /* SwiftModalWebVC.swift */,
				FDB3FB371F1D7CF70073FD3D /* SwiftWebVC.swift */,
				FDB3FB381F1D7CF70073FD3D /* SwiftWebVCActivity.swift */,
				FDB3FB391F1D7CF70073FD3D /* SwiftWebVCActivityChrome.swift */,
				FDB3FB3A1F1D7CF70073FD3D /* SwiftWebVCActivitySafari.swift */,
			);
			path = SwiftWebVC;
			sourceTree = "<group>";
		};
		FDB3FB271F1D7CF70073FD3D /* Resources */ = {
			isa = PBXGroup;
			children = (
				FDB3FB281F1D7CF70073FD3D /* Media.xcassets */,
			);
			path = Resources;
			sourceTree = "<group>";
		};
		FDB3FB291F1D7CF70073FD3D /* Strings */ = {
			isa = PBXGroup;
			children = (
				FDB3FB2A1F1D7CF70073FD3D /* SwiftWebVC.strings */,
			);
			path = Strings;
			sourceTree = "<group>";
		};
/* End PBXGroup section */

/* Begin PBXNativeTarget section */
		FD1A903B1F0EEA6F005EDBC9 /* BroadwayLotteryApp */ = {
			isa = PBXNativeTarget;
			buildConfigurationList = FD1A904E1F0EEA6F005EDBC9 /* Build configuration list for PBXNativeTarget "BroadwayLotteryApp" */;
			buildPhases = (
				817C99D2F66DC5A3DFD45E6A /* [CP] Check Pods Manifest.lock */,
				FD1A90381F0EEA6F005EDBC9 /* Sources */,
				FD1A90391F0EEA6F005EDBC9 /* Frameworks */,
				FD1A903A1F0EEA6F005EDBC9 /* Resources */,
				5AF508BA245C3C884CE03864 /* [CP] Embed Pods Frameworks */,
				92A96F2183C39F121F046AE9 /* [CP] Copy Pods Resources */,
			);
			buildRules = (
			);
			dependencies = (
			);
			name = BroadwayLotteryApp;
			productName = BroadwayLotteryApp;
			productReference = FD1A903C1F0EEA6F005EDBC9 /* BroadwayLotteryApp.app */;
			productType = "com.apple.product-type.application";
		};
/* End PBXNativeTarget section */

/* Begin PBXProject section */
		FD1A90341F0EEA6F005EDBC9 /* Project object */ = {
			isa = PBXProject;
			attributes = {
				LastSwiftUpdateCheck = 0830;
				LastUpgradeCheck = 0830;
				ORGANIZATIONNAME = "Eleanor Murguia";
				TargetAttributes = {
					FD1A903B1F0EEA6F005EDBC9 = {
						CreatedOnToolsVersion = 8.3.3;
						DevelopmentTeam = MC46RY65PT;
						ProvisioningStyle = Automatic;
					};
				};
			};
			buildConfigurationList = FD1A90371F0EEA6F005EDBC9 /* Build configuration list for PBXProject "BroadwayLotteryApp" */;
			compatibilityVersion = "Xcode 3.2";
			developmentRegion = English;
			hasScannedForEncodings = 0;
			knownRegions = (
				en,
				Base,
				da,
				de,
				"es-ES",
				es,
				fr,
				ja,
				pt,
				vi,
				"zh-Hans",
				"zh-Hant",
			);
			mainGroup = FD1A90331F0EEA6F005EDBC9;
			productRefGroup = FD1A903D1F0EEA6F005EDBC9 /* Products */;
			projectDirPath = "";
			projectRoot = "";
			targets = (
				FD1A903B1F0EEA6F005EDBC9 /* BroadwayLotteryApp */,
			);
		};
/* End PBXProject section */

/* Begin PBXResourcesBuildPhase section */
		FD1A903A1F0EEA6F005EDBC9 /* Resources */ = {
			isa = PBXResourcesBuildPhase;
			buildActionMask = 2147483647;
			files = (
				FD1A905A1F0EED91005EDBC9 /* Welcome.storyboard in Resources */,
				FD2B20061F3BC63A008BFDA4 /* setting_notifications.gif in Resources */,
				FD2B1FFE1F3B8D95008BFDA4 /* notifications_short.gif in Resources */,
				FDB3FB3B1F1D7CF70073FD3D /* Media.xcassets in Resources */,
				FD2B20041F3BC39C008BFDA4 /* email_short.gif in Resources */,
				FD2B20021F3BC2DC008BFDA4 /* enter_lottery_short_compressed.gif in Resources */,
				FD1A90471F0EEA6F005EDBC9 /* Assets.xcassets in Resources */,
				FDFEE7451F14318B00FE59E4 /* CollectUserInfo.storyboard in Resources */,
				FD1A90551F0EEB1C005EDBC9 /* LaunchScreen.storyboard in Resources */,
				FDB3FB3C1F1D7CF70073FD3D /* SwiftWebVC.strings in Resources */,
				FD90A8A71F1572AB00914980 /* LotteryHome.storyboard in Resources */,
			);
			runOnlyForDeploymentPostprocessing = 0;
		};
/* End PBXResourcesBuildPhase section */

/* Begin PBXShellScriptBuildPhase section */
		5AF508BA245C3C884CE03864 /* [CP] Embed Pods Frameworks */ = {
			isa = PBXShellScriptBuildPhase;
			buildActionMask = 2147483647;
			files = (
			);
			inputPaths = (
			);
			name = "[CP] Embed Pods Frameworks";
			outputPaths = (
			);
			runOnlyForDeploymentPostprocessing = 0;
			shellPath = /bin/sh;
			shellScript = "\"${SRCROOT}/Pods/Target Support Files/Pods-BroadwayLotteryApp/Pods-BroadwayLotteryApp-frameworks.sh\"\n";
			showEnvVarsInLog = 0;
		};
		817C99D2F66DC5A3DFD45E6A /* [CP] Check Pods Manifest.lock */ = {
			isa = PBXShellScriptBuildPhase;
			buildActionMask = 2147483647;
			files = (
			);
			inputPaths = (
			);
			name = "[CP] Check Pods Manifest.lock";
			outputPaths = (
			);
			runOnlyForDeploymentPostprocessing = 0;
			shellPath = /bin/sh;
			shellScript = "diff \"${PODS_PODFILE_DIR_PATH}/Podfile.lock\" \"${PODS_ROOT}/Manifest.lock\" > /dev/null\nif [ $? != 0 ] ; then\n    # print error to STDERR\n    echo \"error: The sandbox is not in sync with the Podfile.lock. Run 'pod install' or update your CocoaPods installation.\" >&2\n    exit 1\nfi\n";
			showEnvVarsInLog = 0;
		};
		92A96F2183C39F121F046AE9 /* [CP] Copy Pods Resources */ = {
			isa = PBXShellScriptBuildPhase;
			buildActionMask = 2147483647;
			files = (
			);
			inputPaths = (
			);
			name = "[CP] Copy Pods Resources";
			outputPaths = (
			);
			runOnlyForDeploymentPostprocessing = 0;
			shellPath = /bin/sh;
			shellScript = "\"${SRCROOT}/Pods/Target Support Files/Pods-BroadwayLotteryApp/Pods-BroadwayLotteryApp-resources.sh\"\n";
			showEnvVarsInLog = 0;
		};
/* End PBXShellScriptBuildPhase section */

/* Begin PBXSourcesBuildPhase section */
		FD1A90381F0EEA6F005EDBC9 /* Sources */ = {
			isa = PBXSourcesBuildPhase;
			buildActionMask = 2147483647;
			files = (
				FD6B64C01F2FAC6E0026AEA9 /* AllShowsNotificationCell.swift in Sources */,
				FDB3FB3D1F1D7CF70073FD3D /* SwiftModalWebVC.swift in Sources */,
				FDF39C681F3A7F8700CC3729 /* WelcomePageViewController.swift in Sources */,
				FDB3FB1F1F1D1F040073FD3D /* ShowService.swift in Sources */,
				FDB19C731F2A58B800B3E4F2 /* EditUserInfoTableViewController.swift in Sources */,
				FDFEE7471F1431AB00FE59E4 /* CollectUserInfoViewController.swift in Sources */,
				FDB3FB3F1F1D7CF70073FD3D /* SwiftWebVCActivity.swift in Sources */,
				FD9E9D831F1FF2D8005083C1 /* ShowNotificationCell.swift in Sources */,
				FDE60C611F29348F008E2BF9 /* NotificationTableViewController.swift in Sources */,
				FD90A8AC1F158FBC00914980 /* LotteryHomeTableViewController.swift in Sources */,
				FD63B8961F3A274E002FD83A /* WelcomeMainViewController.swift in Sources */,
				FD9E9D891F201FB9005083C1 /* NotificationService.swift in Sources */,
				FD9E9D851F20001D005083C1 /* SettingCell.swift in Sources */,
				FD1A90401F0EEA6F005EDBC9 /* AppDelegate.swift in Sources */,
				FD4C7F0A1F2BEAEC0038A093 /* ShowTestCell.swift in Sources */,
				FD2B1FEA1F3B7736008BFDA4 /* WelcomePageThreeViewController.swift in Sources */,
				FDB3FB411F1D7CF70073FD3D /* SwiftWebVCActivitySafari.swift in Sources */,
				FD90A8A91F1583CB00914980 /* Show.swift in Sources */,
				FDF39C6C1F3A851B00CC3729 /* LotteryPageTwoViewController.swift in Sources */,
				FD3D13AB1F2122B50004C07E /* UYLNotificationDelegate.swift in Sources */,
				FDFEE74D1F14336900FE59E4 /* GetStartedViewController.swift in Sources */,
				FDA795D41F33C9C100A17231 /* CustomSideMenuController.swift in Sources */,
				FD9E9D811F1FDB17005083C1 /* SettingsTableViewController.swift in Sources */,
				FDA795D61F33CA6D00A17231 /* SideViewController.swift in Sources */,
				FD90A8A41F15466000914980 /* Constants.swift in Sources */,
				FD9E9D871F2006FB005083C1 /* EditInfoCell.swift in Sources */,
				FDB3FB401F1D7CF70073FD3D /* SwiftWebVCActivityChrome.swift in Sources */,
				FDB3FB3E1F1D7CF70073FD3D /* SwiftWebVC.swift in Sources */,
			);
			runOnlyForDeploymentPostprocessing = 0;
		};
/* End PBXSourcesBuildPhase section */

/* Begin PBXVariantGroup section */
		FDB3FB2A1F1D7CF70073FD3D /* SwiftWebVC.strings */ = {
			isa = PBXVariantGroup;
			children = (
				FDB3FB2B1F1D7CF70073FD3D /* da */,
				FDB3FB2C1F1D7CF70073FD3D /* de */,
				FDB3FB2D1F1D7CF70073FD3D /* en */,
				FDB3FB2E1F1D7CF70073FD3D /* es-ES */,
				FDB3FB2F1F1D7CF70073FD3D /* es */,
				FDB3FB301F1D7CF70073FD3D /* fr */,
				FDB3FB311F1D7CF70073FD3D /* ja */,
				FDB3FB321F1D7CF70073FD3D /* pt */,
				FDB3FB331F1D7CF70073FD3D /* vi */,
				FDB3FB341F1D7CF70073FD3D /* zh-Hans */,
				FDB3FB351F1D7CF70073FD3D /* zh-Hant */,
			);
			name = SwiftWebVC.strings;
			sourceTree = "<group>";
		};
/* End PBXVariantGroup section */

/* Begin XCBuildConfiguration section */
		FD1A904C1F0EEA6F005EDBC9 /* Debug */ = {
			isa = XCBuildConfiguration;
			buildSettings = {
				ALWAYS_SEARCH_USER_PATHS = NO;
				CLANG_ANALYZER_NONNULL = YES;
				CLANG_ANALYZER_NUMBER_OBJECT_CONVERSION = YES_AGGRESSIVE;
				CLANG_CXX_LANGUAGE_STANDARD = "gnu++0x";
				CLANG_CXX_LIBRARY = "libc++";
				CLANG_ENABLE_MODULES = YES;
				CLANG_ENABLE_OBJC_ARC = YES;
				CLANG_WARN_BOOL_CONVERSION = YES;
				CLANG_WARN_CONSTANT_CONVERSION = YES;
				CLANG_WARN_DIRECT_OBJC_ISA_USAGE = YES_ERROR;
				CLANG_WARN_DOCUMENTATION_COMMENTS = YES;
				CLANG_WARN_EMPTY_BODY = YES;
				CLANG_WARN_ENUM_CONVERSION = YES;
				CLANG_WARN_INFINITE_RECURSION = YES;
				CLANG_WARN_INT_CONVERSION = YES;
				CLANG_WARN_OBJC_ROOT_CLASS = YES_ERROR;
				CLANG_WARN_SUSPICIOUS_MOVE = YES;
				CLANG_WARN_UNREACHABLE_CODE = YES;
				CLANG_WARN__DUPLICATE_METHOD_MATCH = YES;
				"CODE_SIGN_IDENTITY[sdk=iphoneos*]" = "iPhone Developer";
				COPY_PHASE_STRIP = NO;
				DEBUG_INFORMATION_FORMAT = dwarf;
				ENABLE_STRICT_OBJC_MSGSEND = YES;
				ENABLE_TESTABILITY = YES;
				GCC_C_LANGUAGE_STANDARD = gnu99;
				GCC_DYNAMIC_NO_PIC = NO;
				GCC_NO_COMMON_BLOCKS = YES;
				GCC_OPTIMIZATION_LEVEL = 0;
				GCC_PREPROCESSOR_DEFINITIONS = (
					"DEBUG=1",
					"$(inherited)",
				);
				GCC_WARN_64_TO_32_BIT_CONVERSION = YES;
				GCC_WARN_ABOUT_RETURN_TYPE = YES_ERROR;
				GCC_WARN_UNDECLARED_SELECTOR = YES;
				GCC_WARN_UNINITIALIZED_AUTOS = YES_AGGRESSIVE;
				GCC_WARN_UNUSED_FUNCTION = YES;
				GCC_WARN_UNUSED_VARIABLE = YES;
				IPHONEOS_DEPLOYMENT_TARGET = 10.3;
				MTL_ENABLE_DEBUG_INFO = YES;
				ONLY_ACTIVE_ARCH = YES;
				SDKROOT = iphoneos;
				SWIFT_ACTIVE_COMPILATION_CONDITIONS = DEBUG;
				SWIFT_OPTIMIZATION_LEVEL = "-Onone";
			};
			name = Debug;
		};
		FD1A904D1F0EEA6F005EDBC9 /* Release */ = {
			isa = XCBuildConfiguration;
			buildSettings = {
				ALWAYS_SEARCH_USER_PATHS = NO;
				CLANG_ANALYZER_NONNULL = YES;
				CLANG_ANALYZER_NUMBER_OBJECT_CONVERSION = YES_AGGRESSIVE;
				CLANG_CXX_LANGUAGE_STANDARD = "gnu++0x";
				CLANG_CXX_LIBRARY = "libc++";
				CLANG_ENABLE_MODULES = YES;
				CLANG_ENABLE_OBJC_ARC = YES;
				CLANG_WARN_BOOL_CONVERSION = YES;
				CLANG_WARN_CONSTANT_CONVERSION = YES;
				CLANG_WARN_DIRECT_OBJC_ISA_USAGE = YES_ERROR;
				CLANG_WARN_DOCUMENTATION_COMMENTS = YES;
				CLANG_WARN_EMPTY_BODY = YES;
				CLANG_WARN_ENUM_CONVERSION = YES;
				CLANG_WARN_INFINITE_RECURSION = YES;
				CLANG_WARN_INT_CONVERSION = YES;
				CLANG_WARN_OBJC_ROOT_CLASS = YES_ERROR;
				CLANG_WARN_SUSPICIOUS_MOVE = YES;
				CLANG_WARN_UNREACHABLE_CODE = YES;
				CLANG_WARN__DUPLICATE_METHOD_MATCH = YES;
				"CODE_SIGN_IDENTITY[sdk=iphoneos*]" = "iPhone Developer";
				COPY_PHASE_STRIP = NO;
				DEBUG_INFORMATION_FORMAT = "dwarf-with-dsym";
				ENABLE_NS_ASSERTIONS = NO;
				ENABLE_STRICT_OBJC_MSGSEND = YES;
				GCC_C_LANGUAGE_STANDARD = gnu99;
				GCC_NO_COMMON_BLOCKS = YES;
				GCC_WARN_64_TO_32_BIT_CONVERSION = YES;
				GCC_WARN_ABOUT_RETURN_TYPE = YES_ERROR;
				GCC_WARN_UNDECLARED_SELECTOR = YES;
				GCC_WARN_UNINITIALIZED_AUTOS = YES_AGGRESSIVE;
				GCC_WARN_UNUSED_FUNCTION = YES;
				GCC_WARN_UNUSED_VARIABLE = YES;
				IPHONEOS_DEPLOYMENT_TARGET = 10.3;
				MTL_ENABLE_DEBUG_INFO = NO;
				SDKROOT = iphoneos;
				SWIFT_OPTIMIZATION_LEVEL = "-Owholemodule";
				VALIDATE_PRODUCT = YES;
			};
			name = Release;
		};
		FD1A904F1F0EEA6F005EDBC9 /* Debug */ = {
			isa = XCBuildConfiguration;
			baseConfigurationReference = FC259AD19211CC676F50D5A0 /* Pods-BroadwayLotteryApp.debug.xcconfig */;
			buildSettings = {
				ASSETCATALOG_COMPILER_APPICON_NAME = AppIcon;
				DEVELOPMENT_TEAM = MC46RY65PT;
				INFOPLIST_FILE = BroadwayLotteryApp/Info.plist;
				IPHONEOS_DEPLOYMENT_TARGET = 10.3;
				LD_RUNPATH_SEARCH_PATHS = "$(inherited) @executable_path/Frameworks";
				PRODUCT_BUNDLE_IDENTIFIER = me.eleanormurguia.BroadwayLotteryApp;
				PRODUCT_NAME = "$(TARGET_NAME)";
				SWIFT_VERSION = 3.0;
			};
			name = Debug;
		};
		FD1A90501F0EEA6F005EDBC9 /* Release */ = {
			isa = XCBuildConfiguration;
			baseConfigurationReference = B8ED6A06531E4EF5DA8963B3 /* Pods-BroadwayLotteryApp.release.xcconfig */;
			buildSettings = {
				ASSETCATALOG_COMPILER_APPICON_NAME = AppIcon;
				DEVELOPMENT_TEAM = MC46RY65PT;
				INFOPLIST_FILE = BroadwayLotteryApp/Info.plist;
				IPHONEOS_DEPLOYMENT_TARGET = 10.3;
				LD_RUNPATH_SEARCH_PATHS = "$(inherited) @executable_path/Frameworks";
				PRODUCT_BUNDLE_IDENTIFIER = me.eleanormurguia.BroadwayLotteryApp;
				PRODUCT_NAME = "$(TARGET_NAME)";
				SWIFT_VERSION = 3.0;
			};
			name = Release;
		};
/* End XCBuildConfiguration section */

/* Begin XCConfigurationList section */
		FD1A90371F0EEA6F005EDBC9 /* Build configuration list for PBXProject "BroadwayLotteryApp" */ = {
			isa = XCConfigurationList;
			buildConfigurations = (
				FD1A904C1F0EEA6F005EDBC9 /* Debug */,
				FD1A904D1F0EEA6F005EDBC9 /* Release */,
			);
			defaultConfigurationIsVisible = 0;
			defaultConfigurationName = Release;
		};
		FD1A904E1F0EEA6F005EDBC9 /* Build configuration list for PBXNativeTarget "BroadwayLotteryApp" */ = {
			isa = XCConfigurationList;
			buildConfigurations = (
				FD1A904F1F0EEA6F005EDBC9 /* Debug */,
				FD1A90501F0EEA6F005EDBC9 /* Release */,
			);
			defaultConfigurationIsVisible = 0;
			defaultConfigurationName = Release;
		};
/* End XCConfigurationList section */
	};
	rootObject = FD1A90341F0EEA6F005EDBC9 /* Project object */;
}
